
Microsoft Visual Studio Solution File, Format Version 12.00
# Visual Studio Version 16
VisualStudioVersion = 16.0.29102.190
MinimumVisualStudioVersion = 10.0.40219.1
Project("{FAE04EC0-301F-11D3-BF4B-00C04F79EFBC}") = "WFA_Donguler", "WFA_Donguler\WFA_Donguler.csproj", "{FAF1D3D8-82F5-45B8-BF34-0C155B8E3E71}"
EndProject
Global
	GlobalSection(SolutionConfigurationPlatforms) = preSolution
		Debug|Any CPU = Debug|Any CPU
		Release|Any CPU = Release|Any CPU
	EndGlobalSection
	GlobalSection(ProjectConfigurationPlatforms) = postSolution
		{FAF1D3D8-82F5-45B8-BF34-0C155B8E3E71}.Debug|Any CPU.ActiveCfg = Debug|Any CPU
		{FAF1D3D8-82F5-45B8-BF34-0C155B8E3E71}.Debug|Any CPU.Build.0 = Debug|Any CPU
		{FAF1D3D8-82F5-45B8-BF34-0C155B8E3E71}.Release|Any CPU.ActiveCfg = Release|Any CPU
		{FAF1D3D8-82F5-45B8-BF34-0C155B8E3E71}.Release|Any CPU.Build.0 = Release|Any CPU
	EndGlobalSection
	GlobalSection(SolutionProperties) = preSolution
		HideSolutionNode = FALSE
	EndGlobalSection
	GlobalSection(ExtensibilityGlobals) = postSolution
		SolutionGuid = {926FCF6C-FE6B-4618-BB9A-8BA434258B73}
	EndGlobalSection
EndGlobal
